
Microsoft Visual Studio Solution File, Format Version 12.00
# Visual Studio Version 17
VisualStudioVersion = 17.3.32825.248
MinimumVisualStudioVersion = 10.0.40219.1
Project("{9A19103F-16F7-4668-BE54-9A1E7A4F7556}") = "OOPRecordsModel", "OOPRecordsModel\OOPRecordsModel.csproj", "{F920D9DC-93D4-4049-9705-88C318A3F7F2}"
EndProject
Project("{FAE04EC0-301F-11D3-BF4B-00C04F79EFBC}") = "OOPRecords.ConsoleUI", "OOPRecords.ConsoleUI\OOPRecords.ConsoleUI.csproj", "{880428C3-401C-4828-B5E6-D5D5CD39FBA1}"
EndProject
Global
	GlobalSection(SolutionConfigurationPlatforms) = preSolution
		Debug|Any CPU = Debug|Any CPU
		Release|Any CPU = Release|Any CPU
	EndGlobalSection
	GlobalSection(ProjectConfigurationPlatforms) = postSolution
		{F920D9DC-93D4-4049-9705-88C318A3F7F2}.Debug|Any CPU.ActiveCfg = Debug|Any CPU
		{F920D9DC-93D4-4049-9705-88C318A3F7F2}.Debug|Any CPU.Build.0 = Debug|Any CPU
		{F920D9DC-93D4-4049-9705-88C318A3F7F2}.Release|Any CPU.ActiveCfg = Release|Any CPU
		{F920D9DC-93D4-4049-9705-88C318A3F7F2}.Release|Any CPU.Build.0 = Release|Any CPU
		{880428C3-401C-4828-B5E6-D5D5CD39FBA1}.Debug|Any CPU.ActiveCfg = Debug|Any CPU
		{880428C3-401C-4828-B5E6-D5D5CD39FBA1}.Debug|Any CPU.Build.0 = Debug|Any CPU
		{880428C3-401C-4828-B5E6-D5D5CD39FBA1}.Release|Any CPU.ActiveCfg = Release|Any CPU
		{880428C3-401C-4828-B5E6-D5D5CD39FBA1}.Release|Any CPU.Build.0 = Release|Any CPU
	EndGlobalSection
	GlobalSection(SolutionProperties) = preSolution
		HideSolutionNode = FALSE
	EndGlobalSection
	GlobalSection(ExtensibilityGlobals) = postSolution
		SolutionGuid = {3C5C26C5-64AD-427A-BA43-3037DF6C013A}
	EndGlobalSection
EndGlobal
